// !$*UTF8*$!
{
	archiveVersion = 1;
	classes = {
	};
	objectVersion = 55;
	objects = {

/* Begin PBXBuildFile section */
		6436967027B420CB003D38FF /* TodoItem+Extensions.swift in Sources */ = {isa = PBXBuildFile; fileRef = 6436966F27B420CB003D38FF /* TodoItem+Extensions.swift */; };
		6436967227B42102003D38FF /* BaseModel.swift in Sources */ = {isa = PBXBuildFile; fileRef = 6436967127B42102003D38FF /* BaseModel.swift */; };
		64B7A1B827B65835001093E1 /* HelperFunctions.swift in Sources */ = {isa = PBXBuildFile; fileRef = 64B7A1B727B65835001093E1 /* HelperFunctions.swift */; };
		64B7A1BA27B65E07001093E1 /* Launch Screen.storyboard in Resources */ = {isa = PBXBuildFile; fileRef = 64B7A1B927B65E07001093E1 /* Launch Screen.storyboard */; };
		64B7A1BC27B65EDD001093E1 /* EmptyListView.swift in Sources */ = {isa = PBXBuildFile; fileRef = 64B7A1BB27B65EDD001093E1 /* EmptyListView.swift */; };
		64B7A1BE27B67567001093E1 /* SettingsView.swift in Sources */ = {isa = PBXBuildFile; fileRef = 64B7A1BD27B67567001093E1 /* SettingsView.swift */; };
		64B7A1C027B67A0C001093E1 /* FormRowStaticView.swift in Sources */ = {isa = PBXBuildFile; fileRef = 64B7A1BF27B67A0C001093E1 /* FormRowStaticView.swift */; };
		64B7A1C227B69EB5001093E1 /* FormRowLinkView.swift in Sources */ = {isa = PBXBuildFile; fileRef = 64B7A1C127B69EB5001093E1 /* FormRowLinkView.swift */; };
		64B7A1C427B69FE4001093E1 /* SettingsManager.swift in Sources */ = {isa = PBXBuildFile; fileRef = 64B7A1C327B69FE4001093E1 /* SettingsManager.swift */; };
		64B7A1CF27B6A3BE001093E1 /* Blue Dark.png in Resources */ = {isa = PBXBuildFile; fileRef = 64B7A1C627B6A3BE001093E1 /* Blue Dark.png */; };
		64B7A1D027B6A3BE001093E1 /* Blue.png in Resources */ = {isa = PBXBuildFile; fileRef = 64B7A1C727B6A3BE001093E1 /* Blue.png */; };
		64B7A1D127B6A3BE001093E1 /* Green.png in Resources */ = {isa = PBXBuildFile; fileRef = 64B7A1C827B6A3BE001093E1 /* Green.png */; };
		64B7A1D227B6A3BE001093E1 /* Pink Light.png in Resources */ = {isa = PBXBuildFile; fileRef = 64B7A1C927B6A3BE001093E1 /* Pink Light.png */; };
		64B7A1D327B6A3BE001093E1 /* Pink.png in Resources */ = {isa = PBXBuildFile; fileRef = 64B7A1CA27B6A3BE001093E1 /* Pink.png */; };
		64B7A1D427B6A3BE001093E1 /* Pink Dark.png in Resources */ = {isa = PBXBuildFile; fileRef = 64B7A1CB27B6A3BE001093E1 /* Pink Dark.png */; };
		64B7A1D527B6A3BE001093E1 /* Green Light.png in Resources */ = {isa = PBXBuildFile; fileRef = 64B7A1CC27B6A3BE001093E1 /* Green Light.png */; };
		64B7A1D627B6A3BE001093E1 /* Blue Light.png in Resources */ = {isa = PBXBuildFile; fileRef = 64B7A1CD27B6A3BE001093E1 /* Blue Light.png */; };
		64B7A1D727B6A3BE001093E1 /* Green Dark.png in Resources */ = {isa = PBXBuildFile; fileRef = 64B7A1CE27B6A3BE001093E1 /* Green Dark.png */; };
		64EB9F3F27B2813600F4067C /* Todo_2_SwiftUIApp.swift in Sources */ = {isa = PBXBuildFile; fileRef = 64EB9F3E27B2813600F4067C /* Todo_2_SwiftUIApp.swift */; };
		64EB9F4327B2813700F4067C /* Assets.xcassets in Resources */ = {isa = PBXBuildFile; fileRef = 64EB9F4227B2813700F4067C /* Assets.xcassets */; };
		64EB9F4627B2813700F4067C /* Preview Assets.xcassets in Resources */ = {isa = PBXBuildFile; fileRef = 64EB9F4527B2813700F4067C /* Preview Assets.xcassets */; };
		64EB9F4827B2813700F4067C /* Persistence.swift in Sources */ = {isa = PBXBuildFile; fileRef = 64EB9F4727B2813700F4067C /* Persistence.swift */; };
		64EB9F4B27B2813700F4067C /* Todo_2_SwiftUI.xcdatamodeld in Sources */ = {isa = PBXBuildFile; fileRef = 64EB9F4927B2813700F4067C /* Todo_2_SwiftUI.xcdatamodeld */; };
		64EB9F5627B2818D00F4067C /* AddTodoView.swift in Sources */ = {isa = PBXBuildFile; fileRef = 64EB9F5527B2818D00F4067C /* AddTodoView.swift */; };
		64EB9F5927B2835500F4067C /* TodoManager.swift in Sources */ = {isa = PBXBuildFile; fileRef = 64EB9F5827B2835500F4067C /* TodoManager.swift */; };
		64EB9F5D27B299CF00F4067C /* MainView.swift in Sources */ = {isa = PBXBuildFile; fileRef = 64EB9F5C27B299CF00F4067C /* MainView.swift */; };
/* End PBXBuildFile section */

/* Begin PBXFileReference section */
		6436966F27B420CB003D38FF /* TodoItem+Extensions.swift */ = {isa = PBXFileReference; lastKnownFileType = sourcecode.swift; path = "TodoItem+Extensions.swift"; sourceTree = "<group>"; };
		6436967127B42102003D38FF /* BaseModel.swift */ = {isa = PBXFileReference; lastKnownFileType = sourcecode.swift; path = BaseModel.swift; sourceTree = "<group>"; };
		64B7A1B727B65835001093E1 /* HelperFunctions.swift */ = {isa = PBXFileReference; lastKnownFileType = sourcecode.swift; path = HelperFunctions.swift; sourceTree = "<group>"; };
		64B7A1B927B65E07001093E1 /* Launch Screen.storyboard */ = {isa = PBXFileReference; lastKnownFileType = file.storyboard; path = "Launch Screen.storyboard"; sourceTree = "<group>"; };
		64B7A1BB27B65EDD001093E1 /* EmptyListView.swift */ = {isa = PBXFileReference; lastKnownFileType = sourcecode.swift; path = EmptyListView.swift; sourceTree = "<group>"; };
		64B7A1BD27B67567001093E1 /* SettingsView.swift */ = {isa = PBXFileReference; lastKnownFileType = sourcecode.swift; path = SettingsView.swift; sourceTree = "<group>"; };
		64B7A1BF27B67A0C001093E1 /* FormRowStaticView.swift */ = {isa = PBXFileReference; lastKnownFileType = sourcecode.swift; path = FormRowStaticView.swift; sourceTree = "<group>"; };
		64B7A1C127B69EB5001093E1 /* FormRowLinkView.swift */ = {isa = PBXFileReference; lastKnownFileType = sourcecode.swift; path = FormRowLinkView.swift; sourceTree = "<group>"; };
		64B7A1C327B69FE4001093E1 /* SettingsManager.swift */ = {isa = PBXFileReference; lastKnownFileType = sourcecode.swift; path = SettingsManager.swift; sourceTree = "<group>"; };
		64B7A1C627B6A3BE001093E1 /* Blue Dark.png */ = {isa = PBXFileReference; lastKnownFileType = image.png; path = "Blue Dark.png"; sourceTree = "<group>"; };
		64B7A1C727B6A3BE001093E1 /* Blue.png */ = {isa = PBXFileReference; lastKnownFileType = image.png; path = Blue.png; sourceTree = "<group>"; };
		64B7A1C827B6A3BE001093E1 /* Green.png */ = {isa = PBXFileReference; lastKnownFileType = image.png; path = Green.png; sourceTree = "<group>"; };
		64B7A1C927B6A3BE001093E1 /* Pink Light.png */ = {isa = PBXFileReference; lastKnownFileType = image.png; path = "Pink Light.png"; sourceTree = "<group>"; };
		64B7A1CA27B6A3BE001093E1 /* Pink.png */ = {isa = PBXFileReference; lastKnownFileType = image.png; path = Pink.png; sourceTree = "<group>"; };
		64B7A1CB27B6A3BE001093E1 /* Pink Dark.png */ = {isa = PBXFileReference; lastKnownFileType = image.png; path = "Pink Dark.png"; sourceTree = "<group>"; };
		64B7A1CC27B6A3BE001093E1 /* Green Light.png */ = {isa = PBXFileReference; lastKnownFileType = image.png; path = "Green Light.png"; sourceTree = "<group>"; };
		64B7A1CD27B6A3BE001093E1 /* Blue Light.png */ = {isa = PBXFileReference; lastKnownFileType = image.png; path = "Blue Light.png"; sourceTree = "<group>"; };
		64B7A1CE27B6A3BE001093E1 /* Green Dark.png */ = {isa = PBXFileReference; lastKnownFileType = image.png; path = "Green Dark.png"; sourceTree = "<group>"; };
		64B7A1D827B6A442001093E1 /* Todo-2-SwiftUI-Info.plist */ = {isa = PBXFileReference; lastKnownFileType = text.plist; path = "Todo-2-SwiftUI-Info.plist"; sourceTree = SOURCE_ROOT; };
		64EB9F3B27B2813600F4067C /* Todo 2 SwiftUI.app */ = {isa = PBXFileReference; explicitFileType = wrapper.application; includeInIndex = 0; path = "Todo 2 SwiftUI.app"; sourceTree = BUILT_PRODUCTS_DIR; };
		64EB9F3E27B2813600F4067C /* Todo_2_SwiftUIApp.swift */ = {isa = PBXFileReference; lastKnownFileType = sourcecode.swift; path = Todo_2_SwiftUIApp.swift; sourceTree = "<group>"; };
		64EB9F4227B2813700F4067C /* Assets.xcassets */ = {isa = PBXFileReference; lastKnownFileType = folder.assetcatalog; path = Assets.xcassets; sourceTree = "<group>"; };
		64EB9F4527B2813700F4067C /* Preview Assets.xcassets */ = {isa = PBXFileReference; lastKnownFileType = folder.assetcatalog; path = "Preview Assets.xcassets"; sourceTree = "<group>"; };
		64EB9F4727B2813700F4067C /* Persistence.swift */ = {isa = PBXFileReference; lastKnownFileType = sourcecode.swift; path = Persistence.swift; sourceTree = "<group>"; };
		64EB9F4A27B2813700F4067C /* Todo_2_SwiftUI.xcdatamodel */ = {isa = PBXFileReference; lastKnownFileType = wrapper.xcdatamodel; path = Todo_2_SwiftUI.xcdatamodel; sourceTree = "<group>"; };
		64EB9F5527B2818D00F4067C /* AddTodoView.swift */ = {isa = PBXFileReference; lastKnownFileType = sourcecode.swift; path = AddTodoView.swift; sourceTree = "<group>"; };
		64EB9F5827B2835500F4067C /* TodoManager.swift */ = {isa = PBXFileReference; lastKnownFileType = sourcecode.swift; path = TodoManager.swift; sourceTree = "<group>"; };
		64EB9F5C27B299CF00F4067C /* MainView.swift */ = {isa = PBXFileReference; lastKnownFileType = sourcecode.swift; path = MainView.swift; sourceTree = "<group>"; };
/* End PBXFileReference section */

/* Begin PBXFrameworksBuildPhase section */
		64EB9F3827B2813600F4067C /* Frameworks */ = {
			isa = PBXFrameworksBuildPhase;
			buildActionMask = 2147483647;
			files = (
			);
			runOnlyForDeploymentPostprocessing = 0;
		};
/* End PBXFrameworksBuildPhase section */

/* Begin PBXGroup section */
		6436966E27B420BA003D38FF /* Extensions */ = {
			isa = PBXGroup;
			children = (
				6436966F27B420CB003D38FF /* TodoItem+Extensions.swift */,
				6436967127B42102003D38FF /* BaseModel.swift */,
			);
			path = Extensions;
			sourceTree = "<group>";
		};
		64B7A1C527B6A373001093E1 /* Icons */ = {
			isa = PBXGroup;
			children = (
				64B7A1C627B6A3BE001093E1 /* Blue Dark.png */,
				64B7A1CD27B6A3BE001093E1 /* Blue Light.png */,
				64B7A1C727B6A3BE001093E1 /* Blue.png */,
				64B7A1CE27B6A3BE001093E1 /* Green Dark.png */,
				64B7A1CC27B6A3BE001093E1 /* Green Light.png */,
				64B7A1C827B6A3BE001093E1 /* Green.png */,
				64B7A1CB27B6A3BE001093E1 /* Pink Dark.png */,
				64B7A1C927B6A3BE001093E1 /* Pink Light.png */,
				64B7A1CA27B6A3BE001093E1 /* Pink.png */,
			);
			path = Icons;
			sourceTree = "<group>";
		};
		64EB9F3227B2813600F4067C = {
			isa = PBXGroup;
			children = (
				64EB9F3D27B2813600F4067C /* Todo 2 SwiftUI */,
				64EB9F3C27B2813600F4067C /* Products */,
			);
			sourceTree = "<group>";
		};
		64EB9F3C27B2813600F4067C /* Products */ = {
			isa = PBXGroup;
			children = (
				64EB9F3B27B2813600F4067C /* Todo 2 SwiftUI.app */,
			);
			name = Products;
			sourceTree = "<group>";
		};
		64EB9F3D27B2813600F4067C /* Todo 2 SwiftUI */ = {
			isa = PBXGroup;
			children = (
				64B7A1D827B6A442001093E1 /* Todo-2-SwiftUI-Info.plist */,
				64B7A1C527B6A373001093E1 /* Icons */,
				6436966E27B420BA003D38FF /* Extensions */,
				64EB9F5727B2833E00F4067C /* ViewModel */,
				64EB9F5427B2814C00F4067C /* Utility */,
				64EB9F5327B2814800F4067C /* View */,
				64EB9F5227B2814400F4067C /* App */,
				64EB9F5127B2814000F4067C /* Model */,
				64EB9F4227B2813700F4067C /* Assets.xcassets */,
				64EB9F4427B2813700F4067C /* Preview Content */,
				64B7A1B927B65E07001093E1 /* Launch Screen.storyboard */,
			);
			path = "Todo 2 SwiftUI";
			sourceTree = "<group>";
		};
		64EB9F4427B2813700F4067C /* Preview Content */ = {
			isa = PBXGroup;
			children = (
				64EB9F4527B2813700F4067C /* Preview Assets.xcassets */,
			);
			path = "Preview Content";
			sourceTree = "<group>";
		};
		64EB9F5127B2814000F4067C /* Model */ = {
			isa = PBXGroup;
			children = (
				64EB9F4727B2813700F4067C /* Persistence.swift */,
				64EB9F4927B2813700F4067C /* Todo_2_SwiftUI.xcdatamodeld */,
			);
			path = Model;
			sourceTree = "<group>";
		};
		64EB9F5227B2814400F4067C /* App */ = {
			isa = PBXGroup;
			children = (
				64EB9F3E27B2813600F4067C /* Todo_2_SwiftUIApp.swift */,
			);
			path = App;
			sourceTree = "<group>";
		};
		64EB9F5327B2814800F4067C /* View */ = {
			isa = PBXGroup;
			children = (
				64EB9F5527B2818D00F4067C /* AddTodoView.swift */,
				64EB9F5C27B299CF00F4067C /* MainView.swift */,
				64B7A1BB27B65EDD001093E1 /* EmptyListView.swift */,
				64B7A1BD27B67567001093E1 /* SettingsView.swift */,
				64B7A1BF27B67A0C001093E1 /* FormRowStaticView.swift */,
				64B7A1C127B69EB5001093E1 /* FormRowLinkView.swift */,
			);
			path = View;
			sourceTree = "<group>";
		};
		64EB9F5427B2814C00F4067C /* Utility */ = {
			isa = PBXGroup;
			children = (
				64B7A1B727B65835001093E1 /* HelperFunctions.swift */,
			);
			path = Utility;
			sourceTree = "<group>";
		};
		64EB9F5727B2833E00F4067C /* ViewModel */ = {
			isa = PBXGroup;
			children = (
				64EB9F5827B2835500F4067C /* TodoManager.swift */,
				64B7A1C327B69FE4001093E1 /* SettingsManager.swift */,
			);
			path = ViewModel;
			sourceTree = "<group>";
		};
/* End PBXGroup section */

/* Begin PBXNativeTarget section */
		64EB9F3A27B2813600F4067C /* Todo 2 SwiftUI */ = {
			isa = PBXNativeTarget;
			buildConfigurationList = 64EB9F4E27B2813700F4067C /* Build configuration list for PBXNativeTarget "Todo 2 SwiftUI" */;
			buildPhases = (
				64EB9F3727B2813600F4067C /* Sources */,
				64EB9F3827B2813600F4067C /* Frameworks */,
				64EB9F3927B2813600F4067C /* Resources */,
			);
			buildRules = (
			);
			dependencies = (
			);
			name = "Todo 2 SwiftUI";
			productName = "Todo 2 SwiftUI";
			productReference = 64EB9F3B27B2813600F4067C /* Todo 2 SwiftUI.app */;
			productType = "com.apple.product-type.application";
		};
/* End PBXNativeTarget section */

/* Begin PBXProject section */
		64EB9F3327B2813600F4067C /* Project object */ = {
			isa = PBXProject;
			attributes = {
				BuildIndependentTargetsInParallel = 1;
				LastSwiftUpdateCheck = 1320;
				LastUpgradeCheck = 1320;
				TargetAttributes = {
					64EB9F3A27B2813600F4067C = {
						CreatedOnToolsVersion = 13.2.1;
					};
				};
			};
			buildConfigurationList = 64EB9F3627B2813600F4067C /* Build configuration list for PBXProject "Todo 2 SwiftUI" */;
			compatibilityVersion = "Xcode 13.0";
			developmentRegion = en;
			hasScannedForEncodings = 0;
			knownRegions = (
				en,
				Base,
			);
			mainGroup = 64EB9F3227B2813600F4067C;
			productRefGroup = 64EB9F3C27B2813600F4067C /* Products */;
			projectDirPath = "";
			projectRoot = "";
			targets = (
				64EB9F3A27B2813600F4067C /* Todo 2 SwiftUI */,
			);
		};
/* End PBXProject section */

/* Begin PBXResourcesBuildPhase section */
		64EB9F3927B2813600F4067C /* Resources */ = {
			isa = PBXResourcesBuildPhase;
			buildActionMask = 2147483647;
			files = (
				64B7A1D727B6A3BE001093E1 /* Green Dark.png in Resources */,
				64B7A1BA27B65E07001093E1 /* Launch Screen.storyboard in Resources */,
				64B7A1D127B6A3BE001093E1 /* Green.png in Resources */,
				64EB9F4627B2813700F4067C /* Preview Assets.xcassets in Resources */,
				64B7A1D427B6A3BE001093E1 /* Pink Dark.png in Resources */,
				64B7A1D027B6A3BE001093E1 /* Blue.png in Resources */,
				64B7A1CF27B6A3BE001093E1 /* Blue Dark.png in Resources */,
				64B7A1D327B6A3BE001093E1 /* Pink.png in Resources */,
				64EB9F4327B2813700F4067C /* Assets.xcassets in Resources */,
				64B7A1D627B6A3BE001093E1 /* Blue Light.png in Resources */,
				64B7A1D227B6A3BE001093E1 /* Pink Light.png in Resources */,
				64B7A1D527B6A3BE001093E1 /* Green Light.png in Resources */,
			);
			runOnlyForDeploymentPostprocessing = 0;
		};
/* End PBXResourcesBuildPhase section */

/* Begin PBXSourcesBuildPhase section */
		64EB9F3727B2813600F4067C /* Sources */ = {
			isa = PBXSourcesBuildPhase;
			buildActionMask = 2147483647;
			files = (
				64EB9F5D27B299CF00F4067C /* MainView.swift in Sources */,
				64B7A1C027B67A0C001093E1 /* FormRowStaticView.swift in Sources */,
				64EB9F4B27B2813700F4067C /* Todo_2_SwiftUI.xcdatamodeld in Sources */,
				6436967027B420CB003D38FF /* TodoItem+Extensions.swift in Sources */,
				64B7A1C227B69EB5001093E1 /* FormRowLinkView.swift in Sources */,
				64EB9F5927B2835500F4067C /* TodoManager.swift in Sources */,
				64B7A1BC27B65EDD001093E1 /* EmptyListView.swift in Sources */,
				64EB9F4827B2813700F4067C /* Persistence.swift in Sources */,
				64EB9F3F27B2813600F4067C /* Todo_2_SwiftUIApp.swift in Sources */,
				6436967227B42102003D38FF /* BaseModel.swift in Sources */,
				64B7A1C427B69FE4001093E1 /* SettingsManager.swift in Sources */,
				64EB9F5627B2818D00F4067C /* AddTodoView.swift in Sources */,
				64B7A1B827B65835001093E1 /* HelperFunctions.swift in Sources */,
				64B7A1BE27B67567001093E1 /* SettingsView.swift in Sources */,
			);
			runOnlyForDeploymentPostprocessing = 0;
		};
/* End PBXSourcesBuildPhase section */

/* Begin XCBuildConfiguration section */
		64EB9F4C27B2813700F4067C /* Debug */ = {
			isa = XCBuildConfiguration;
			buildSettings = {
				ALWAYS_SEARCH_USER_PATHS = NO;
				CLANG_ANALYZER_NONNULL = YES;
				CLANG_ANALYZER_NUMBER_OBJECT_CONVERSION = YES_AGGRESSIVE;
				CLANG_CXX_LANGUAGE_STANDARD = "gnu++17";
				CLANG_CXX_LIBRARY = "libc++";
				CLANG_ENABLE_MODULES = YES;
				CLANG_ENABLE_OBJC_ARC = YES;
				CLANG_ENABLE_OBJC_WEAK = YES;
				CLANG_WARN_BLOCK_CAPTURE_AUTORELEASING = YES;
				CLANG_WARN_BOOL_CONVERSION = YES;
				CLANG_WARN_COMMA = YES;
				CLANG_WARN_CONSTANT_CONVERSION = YES;
				CLANG_WARN_DEPRECATED_OBJC_IMPLEMENTATIONS = YES;
				CLANG_WARN_DIRECT_OBJC_ISA_USAGE = YES_ERROR;
				CLANG_WARN_DOCUMENTATION_COMMENTS = YES;
				CLANG_WARN_EMPTY_BODY = YES;
				CLANG_WARN_ENUM_CONVERSION = YES;
				CLANG_WARN_INFINITE_RECURSION = YES;
				CLANG_WARN_INT_CONVERSION = YES;
				CLANG_WARN_NON_LITERAL_NULL_CONVERSION = YES;
				CLANG_WARN_OBJC_IMPLICIT_RETAIN_SELF = YES;
				CLANG_WARN_OBJC_LITERAL_CONVERSION = YES;
				CLANG_WARN_OBJC_ROOT_CLASS = YES_ERROR;
				CLANG_WARN_QUOTED_INCLUDE_IN_FRAMEWORK_HEADER = YES;
				CLANG_WARN_RANGE_LOOP_ANALYSIS = YES;
				CLANG_WARN_STRICT_PROTOTYPES = YES;
				CLANG_WARN_SUSPICIOUS_MOVE = YES;
				CLANG_WARN_UNGUARDED_AVAILABILITY = YES_AGGRESSIVE;
				CLANG_WARN_UNREACHABLE_CODE = YES;
				CLANG_WARN__DUPLICATE_METHOD_MATCH = YES;
				COPY_PHASE_STRIP = NO;
				DEBUG_INFORMATION_FORMAT = dwarf;
				ENABLE_STRICT_OBJC_MSGSEND = YES;
				ENABLE_TESTABILITY = YES;
				GCC_C_LANGUAGE_STANDARD = gnu11;
				GCC_DYNAMIC_NO_PIC = NO;
				GCC_NO_COMMON_BLOCKS = YES;
				GCC_OPTIMIZATION_LEVEL = 0;
				GCC_PREPROCESSOR_DEFINITIONS = (
					"DEBUG=1",
					"$(inherited)",
				);
				GCC_WARN_64_TO_32_BIT_CONVERSION = YES;
				GCC_WARN_ABOUT_RETURN_TYPE = YES_ERROR;
				GCC_WARN_UNDECLARED_SELECTOR = YES;
				GCC_WARN_UNINITIALIZED_AUTOS = YES_AGGRESSIVE;
				GCC_WARN_UNUSED_FUNCTION = YES;
				GCC_WARN_UNUSED_VARIABLE = YES;
				IPHONEOS_DEPLOYMENT_TARGET = 15.2;
				MTL_ENABLE_DEBUG_INFO = INCLUDE_SOURCE;
				MTL_FAST_MATH = YES;
				ONLY_ACTIVE_ARCH = YES;
				SDKROOT = iphoneos;
				SWIFT_ACTIVE_COMPILATION_CONDITIONS = DEBUG;
				SWIFT_OPTIMIZATION_LEVEL = "-Onone";
			};
			name = Debug;
		};
		64EB9F4D27B2813700F4067C /* Release */ = {
			isa = XCBuildConfiguration;
			buildSettings = {
				ALWAYS_SEARCH_USER_PATHS = NO;
				CLANG_ANALYZER_NONNULL = YES;
				CLANG_ANALYZER_NUMBER_OBJECT_CONVERSION = YES_AGGRESSIVE;
				CLANG_CXX_LANGUAGE_STANDARD = "gnu++17";
				CLANG_CXX_LIBRARY = "libc++";
				CLANG_ENABLE_MODULES = YES;
				CLANG_ENABLE_OBJC_ARC = YES;
				CLANG_ENABLE_OBJC_WEAK = YES;
				CLANG_WARN_BLOCK_CAPTURE_AUTORELEASING = YES;
				CLANG_WARN_BOOL_CONVERSION = YES;
				CLANG_WARN_COMMA = YES;
				CLANG_WARN_CONSTANT_CONVERSION = YES;
				CLANG_WARN_DEPRECATED_OBJC_IMPLEMENTATIONS = YES;
				CLANG_WARN_DIRECT_OBJC_ISA_USAGE = YES_ERROR;
				CLANG_WARN_DOCUMENTATION_COMMENTS = YES;
				CLANG_WARN_EMPTY_BODY = YES;
				CLANG_WARN_ENUM_CONVERSION = YES;
				CLANG_WARN_INFINITE_RECURSION = YES;
				CLANG_WARN_INT_CONVERSION = YES;
				CLANG_WARN_NON_LITERAL_NULL_CONVERSION = YES;
				CLANG_WARN_OBJC_IMPLICIT_RETAIN_SELF = YES;
				CLANG_WARN_OBJC_LITERAL_CONVERSION = YES;
				CLANG_WARN_OBJC_ROOT_CLASS = YES_ERROR;
				CLANG_WARN_QUOTED_INCLUDE_IN_FRAMEWORK_HEADER = YES;
				CLANG_WARN_RANGE_LOOP_ANALYSIS = YES;
				CLANG_WARN_STRICT_PROTOTYPES = YES;
				CLANG_WARN_SUSPICIOUS_MOVE = YES;
				CLANG_WARN_UNGUARDED_AVAILABILITY = YES_AGGRESSIVE;
				CLANG_WARN_UNREACHABLE_CODE = YES;
				CLANG_WARN__DUPLICATE_METHOD_MATCH = YES;
				COPY_PHASE_STRIP = NO;
				DEBUG_INFORMATION_FORMAT = "dwarf-with-dsym";
				ENABLE_NS_ASSERTIONS = NO;
				ENABLE_STRICT_OBJC_MSGSEND = YES;
				GCC_C_LANGUAGE_STANDARD = gnu11;
				GCC_NO_COMMON_BLOCKS = YES;
				GCC_WARN_64_TO_32_BIT_CONVERSION = YES;
				GCC_WARN_ABOUT_RETURN_TYPE = YES_ERROR;
				GCC_WARN_UNDECLARED_SELECTOR = YES;
				GCC_WARN_UNINITIALIZED_AUTOS = YES_AGGRESSIVE;
				GCC_WARN_UNUSED_FUNCTION = YES;
				GCC_WARN_UNUSED_VARIABLE = YES;
				IPHONEOS_DEPLOYMENT_TARGET = 15.2;
				MTL_ENABLE_DEBUG_INFO = NO;
				MTL_FAST_MATH = YES;
				SDKROOT = iphoneos;
				SWIFT_COMPILATION_MODE = wholemodule;
				SWIFT_OPTIMIZATION_LEVEL = "-O";
				VALIDATE_PRODUCT = YES;
			};
			name = Release;
		};
		64EB9F4F27B2813700F4067C /* Debug */ = {
			isa = XCBuildConfiguration;
			buildSettings = {
				ASSETCATALOG_COMPILER_APPICON_NAME = AppIcon;
				ASSETCATALOG_COMPILER_GLOBAL_ACCENT_COLOR_NAME = AccentColor;
				CODE_SIGN_STYLE = Automatic;
				CURRENT_PROJECT_VERSION = 1;
				DEVELOPMENT_ASSET_PATHS = "\"Todo 2 SwiftUI/Preview Content\"";
				DEVELOPMENT_TEAM = 453J5S23QT;
				ENABLE_PREVIEWS = YES;
				GENERATE_INFOPLIST_FILE = YES;
				INFOPLIST_FILE = "Todo-2-SwiftUI-Info.plist";
				INFOPLIST_KEY_UIApplicationSceneManifest_Generation = YES;
				INFOPLIST_KEY_UIApplicationSupportsIndirectInputEvents = YES;
				INFOPLIST_KEY_UILaunchScreen_Generation = YES;
				INFOPLIST_KEY_UILaunchStoryboardName = "Launch Screen";
				INFOPLIST_KEY_UISupportedInterfaceOrientations = UIInterfaceOrientationPortrait;
				INFOPLIST_KEY_UISupportedInterfaceOrientations_iPad = "UIInterfaceOrientationPortrait UIInterfaceOrientationPortraitUpsideDown UIInterfaceOrientationLandscapeLeft UIInterfaceOrientationLandscapeRight";
				INFOPLIST_KEY_UISupportedInterfaceOrientations_iPhone = UIInterfaceOrientationPortrait;
				LD_RUNPATH_SEARCH_PATHS = (
					"$(inherited)",
					"@executable_path/Frameworks",
				);
				MARKETING_VERSION = 1.0;
				PRODUCT_BUNDLE_IDENTIFIER = "com.shmorado.Todo-2-SwiftUI";
				PRODUCT_NAME = "$(TARGET_NAME)";
				SWIFT_EMIT_LOC_STRINGS = YES;
				SWIFT_VERSION = 5.0;
				TARGETED_DEVICE_FAMILY = "1,2";
			};
			name = Debug;
		};
		64EB9F5027B2813700F4067C /* Release */ = {
			isa = XCBuildConfiguration;
			buildSettings = {
				ASSETCATALOG_COMPILER_APPICON_NAME = AppIcon;
				ASSETCATALOG_COMPILER_GLOBAL_ACCENT_COLOR_NAME = AccentColor;
				CODE_SIGN_STYLE = Automatic;
				CURRENT_PROJECT_VERSION = 1;
				DEVELOPMENT_ASSET_PATHS = "\"Todo 2 SwiftUI/Preview Content\"";
				DEVELOPMENT_TEAM = 453J5S23QT;
				ENABLE_PREVIEWS = YES;
				GENERATE_INFOPLIST_FILE = YES;
				INFOPLIST_FILE = "Todo-2-SwiftUI-Info.plist";
				INFOPLIST_KEY_UIApplicationSceneManifest_Generation = YES;
				INFOPLIST_KEY_UIApplicationSupportsIndirectInputEvents = YES;
				INFOPLIST_KEY_UILaunchScreen_Generation = YES;
				INFOPLIST_KEY_UILaunchStoryboardName = "Launch Screen";
				INFOPLIST_KEY_UISupportedInterfaceOrientations = UIInterfaceOrientationPortrait;
				INFOPLIST_KEY_UISupportedInterfaceOrientations_iPad = "UIInterfaceOrientationPortrait UIInterfaceOrientationPortraitUpsideDown UIInterfaceOrientationLandscapeLeft UIInterfaceOrientationLandscapeRight";
				INFOPLIST_KEY_UISupportedInterfaceOrientations_iPhone = UIInterfaceOrientationPortrait;
				LD_RUNPATH_SEARCH_PATHS = (
					"$(inherited)",
					"@executable_path/Frameworks",
				);
				MARKETING_VERSION = 1.0;
				PRODUCT_BUNDLE_IDENTIFIER = "com.shmorado.Todo-2-SwiftUI";
				PRODUCT_NAME = "$(TARGET_NAME)";
				SWIFT_EMIT_LOC_STRINGS = YES;
				SWIFT_VERSION = 5.0;
				TARGETED_DEVICE_FAMILY = "1,2";
			};
			name = Release;
		};
/* End XCBuildConfiguration section */

/* Begin XCConfigurationList section */
		64EB9F3627B2813600F4067C /* Build configuration list for PBXProject "Todo 2 SwiftUI" */ = {
			isa = XCConfigurationList;
			buildConfigurations = (
				64EB9F4C27B2813700F4067C /* Debug */,
				64EB9F4D27B2813700F4067C /* Release */,
			);
			defaultConfigurationIsVisible = 0;
			defaultConfigurationName = Release;
		};
		64EB9F4E27B2813700F4067C /* Build configuration list for PBXNativeTarget "Todo 2 SwiftUI" */ = {
			isa = XCConfigurationList;
			buildConfigurations = (
				64EB9F4F27B2813700F4067C /* Debug */,
				64EB9F5027B2813700F4067C /* Release */,
			);
			defaultConfigurationIsVisible = 0;
			defaultConfigurationName = Release;
		};
/* End XCConfigurationList section */

/* Begin XCVersionGroup section */
		64EB9F4927B2813700F4067C /* Todo_2_SwiftUI.xcdatamodeld */ = {
			isa = XCVersionGroup;
			children = (
				64EB9F4A27B2813700F4067C /* Todo_2_SwiftUI.xcdatamodel */,
			);
			currentVersion = 64EB9F4A27B2813700F4067C /* Todo_2_SwiftUI.xcdatamodel */;
			path = Todo_2_SwiftUI.xcdatamodeld;
			sourceTree = "<group>";
			versionGroupType = wrapper.xcdatamodel;
		};
/* End XCVersionGroup section */
	};
	rootObject = 64EB9F3327B2813600F4067C /* Project object */;
}
